
Microsoft Visual Studio Solution File, Format Version 12.00
# Visual Studio 14
VisualStudioVersion = 14.0.22609.0
MinimumVisualStudioVersion = 10.0.40219.1
Project("{2150E333-8FDC-42A3-9474-1A3956D46DE8}") = "Services", "Services", "{BB23DDBF-9A37-48DF-84AC-89DE09528F4F}"
EndProject
Project("{2150E333-8FDC-42A3-9474-1A3956D46DE8}") = "Migration", "Migration", "{3D9D3A01-7DBF-47DD-B178-D252B3B74527}"
EndProject
Project("{FAE04EC0-301F-11D3-BF4B-00C04F79EFBC}") = "FinancialForecasting.Migration.Data", "Services\Migration\FinancialForecasting.Migration.Data\FinancialForecasting.Migration.Data.csproj", "{536E4A73-6DAA-42B3-A844-F5783518E39D}"
EndProject
Project("{FAE04EC0-301F-11D3-BF4B-00C04F79EFBC}") = "FinancialForecasting.Migration.Tests", "Services\Migration\FinancialForecasting.Migration.Tests\FinancialForecasting.Migration.Tests.csproj", "{02264147-3278-403F-B28E-FBC03A90B1C6}"
EndProject
Project("{FAE04EC0-301F-11D3-BF4B-00C04F79EFBC}") = "FinancialForecasting.Migration.Contracts", "Services\Migration\FinancialForecasting.Migration.Contracts\FinancialForecasting.Migration.Contracts.csproj", "{41A813B7-11E2-4635-BB6D-D5222076DEFC}"
EndProject
Project("{FAE04EC0-301F-11D3-BF4B-00C04F79EFBC}") = "FinancialForecasting.Migration.Service", "Services\Migration\FinancialForecasting.Migration.Service\FinancialForecasting.Migration.Service.csproj", "{6E1BC878-A2BE-42D9-B544-778AA5419240}"
EndProject
Project("{FAE04EC0-301F-11D3-BF4B-00C04F79EFBC}") = "FinancialForecasting.Desktop", "FinancialForecasting.Desktop\FinancialForecasting.Desktop.csproj", "{68660331-AE97-4B43-919D-A8FBDC05823D}"
EndProject
Global
	GlobalSection(SolutionConfigurationPlatforms) = preSolution
		Debug|Any CPU = Debug|Any CPU
		Release|Any CPU = Release|Any CPU
	EndGlobalSection
	GlobalSection(ProjectConfigurationPlatforms) = postSolution
		{536E4A73-6DAA-42B3-A844-F5783518E39D}.Debug|Any CPU.ActiveCfg = Debug|Any CPU
		{536E4A73-6DAA-42B3-A844-F5783518E39D}.Debug|Any CPU.Build.0 = Debug|Any CPU
		{536E4A73-6DAA-42B3-A844-F5783518E39D}.Release|Any CPU.ActiveCfg = Release|Any CPU
		{536E4A73-6DAA-42B3-A844-F5783518E39D}.Release|Any CPU.Build.0 = Release|Any CPU
		{02264147-3278-403F-B28E-FBC03A90B1C6}.Debug|Any CPU.ActiveCfg = Debug|Any CPU
		{02264147-3278-403F-B28E-FBC03A90B1C6}.Debug|Any CPU.Build.0 = Debug|Any CPU
		{02264147-3278-403F-B28E-FBC03A90B1C6}.Release|Any CPU.ActiveCfg = Release|Any CPU
		{02264147-3278-403F-B28E-FBC03A90B1C6}.Release|Any CPU.Build.0 = Release|Any CPU
		{41A813B7-11E2-4635-BB6D-D5222076DEFC}.Debug|Any CPU.ActiveCfg = Debug|Any CPU
		{41A813B7-11E2-4635-BB6D-D5222076DEFC}.Debug|Any CPU.Build.0 = Debug|Any CPU
		{41A813B7-11E2-4635-BB6D-D5222076DEFC}.Release|Any CPU.ActiveCfg = Release|Any CPU
		{41A813B7-11E2-4635-BB6D-D5222076DEFC}.Release|Any CPU.Build.0 = Release|Any CPU
		{6E1BC878-A2BE-42D9-B544-778AA5419240}.Debug|Any CPU.ActiveCfg = Debug|Any CPU
		{6E1BC878-A2BE-42D9-B544-778AA5419240}.Debug|Any CPU.Build.0 = Debug|Any CPU
		{6E1BC878-A2BE-42D9-B544-778AA5419240}.Release|Any CPU.ActiveCfg = Release|Any CPU
		{6E1BC878-A2BE-42D9-B544-778AA5419240}.Release|Any CPU.Build.0 = Release|Any CPU
		{68660331-AE97-4B43-919D-A8FBDC05823D}.Debug|Any CPU.ActiveCfg = Debug|Any CPU
		{68660331-AE97-4B43-919D-A8FBDC05823D}.Debug|Any CPU.Build.0 = Debug|Any CPU
		{68660331-AE97-4B43-919D-A8FBDC05823D}.Release|Any CPU.ActiveCfg = Release|Any CPU
		{68660331-AE97-4B43-919D-A8FBDC05823D}.Release|Any CPU.Build.0 = Release|Any CPU
	EndGlobalSection
	GlobalSection(SolutionProperties) = preSolution
		HideSolutionNode = FALSE
	EndGlobalSection
	GlobalSection(NestedProjects) = preSolution
		{3D9D3A01-7DBF-47DD-B178-D252B3B74527} = {BB23DDBF-9A37-48DF-84AC-89DE09528F4F}
		{536E4A73-6DAA-42B3-A844-F5783518E39D} = {3D9D3A01-7DBF-47DD-B178-D252B3B74527}
		{02264147-3278-403F-B28E-FBC03A90B1C6} = {3D9D3A01-7DBF-47DD-B178-D252B3B74527}
		{41A813B7-11E2-4635-BB6D-D5222076DEFC} = {3D9D3A01-7DBF-47DD-B178-D252B3B74527}
		{6E1BC878-A2BE-42D9-B544-778AA5419240} = {3D9D3A01-7DBF-47DD-B178-D252B3B74527}
	EndGlobalSection
EndGlobal
